
Microsoft Visual Studio Solution File, Format Version 12.00
# Visual Studio Version 17
VisualStudioVersion = 17.0.31903.59
MinimumVisualStudioVersion = 10.0.40219.1
Project("{FAE04EC0-301F-11D3-BF4B-00C04F79EFBC}") = "ContactManager.API", "ContactManager.API\ContactManager.API.csproj", "{64610416-2053-4B27-A2DD-7E875BE19407}"
EndProject
Project("{FAE04EC0-301F-11D3-BF4B-00C04F79EFBC}") = "ContactManager.TEST", "ContactManager.TEST\ContactManager.TEST.csproj", "{6F0DE2B6-C9ED-47B8-8A94-141D333FB184}"
EndProject
Global
	GlobalSection(SolutionConfigurationPlatforms) = preSolution
		Debug|Any CPU = Debug|Any CPU
		Release|Any CPU = Release|Any CPU
	EndGlobalSection
	GlobalSection(SolutionProperties) = preSolution
		HideSolutionNode = FALSE
	EndGlobalSection
	GlobalSection(ProjectConfigurationPlatforms) = postSolution
		{64610416-2053-4B27-A2DD-7E875BE19407}.Debug|Any CPU.ActiveCfg = Debug|Any CPU
		{64610416-2053-4B27-A2DD-7E875BE19407}.Debug|Any CPU.Build.0 = Debug|Any CPU
		{64610416-2053-4B27-A2DD-7E875BE19407}.Release|Any CPU.ActiveCfg = Release|Any CPU
		{64610416-2053-4B27-A2DD-7E875BE19407}.Release|Any CPU.Build.0 = Release|Any CPU
		{6F0DE2B6-C9ED-47B8-8A94-141D333FB184}.Debug|Any CPU.ActiveCfg = Debug|Any CPU
		{6F0DE2B6-C9ED-47B8-8A94-141D333FB184}.Debug|Any CPU.Build.0 = Debug|Any CPU
		{6F0DE2B6-C9ED-47B8-8A94-141D333FB184}.Release|Any CPU.ActiveCfg = Release|Any CPU
		{6F0DE2B6-C9ED-47B8-8A94-141D333FB184}.Release|Any CPU.Build.0 = Release|Any CPU
	EndGlobalSection
EndGlobal
